// !$*UTF8*$!
{
	archiveVersion = 1;
	classes = {
	};
	objectVersion = 50;
	objects = {

/* Begin PBXBuildFile section */
		64A340B52611E05B00010C61 /* AppDelegate.swift in Sources */ = {isa = PBXBuildFile; fileRef = 64A340B42611E05B00010C61 /* AppDelegate.swift */; };
		64A340B72611E05B00010C61 /* SceneDelegate.swift in Sources */ = {isa = PBXBuildFile; fileRef = 64A340B62611E05B00010C61 /* SceneDelegate.swift */; };
		64A340B92611E05B00010C61 /* ViewController.swift in Sources */ = {isa = PBXBuildFile; fileRef = 64A340B82611E05B00010C61 /* ViewController.swift */; };
		64A340BC2611E05B00010C61 /* Main.storyboard in Resources */ = {isa = PBXBuildFile; fileRef = 64A340BA2611E05B00010C61 /* Main.storyboard */; };
		64A340BF2611E05B00010C61 /* Testing.xcdatamodeld in Sources */ = {isa = PBXBuildFile; fileRef = 64A340BD2611E05B00010C61 /* Testing.xcdatamodeld */; };
		64A340C12611E06000010C61 /* Assets.xcassets in Resources */ = {isa = PBXBuildFile; fileRef = 64A340C02611E06000010C61 /* Assets.xcassets */; };
		64A340C42611E06000010C61 /* LaunchScreen.storyboard in Resources */ = {isa = PBXBuildFile; fileRef = 64A340C22611E06000010C61 /* LaunchScreen.storyboard */; };
		64A340CF2611E06000010C61 /* TestingTests.swift in Sources */ = {isa = PBXBuildFile; fileRef = 64A340CE2611E06000010C61 /* TestingTests.swift */; };
		64A340DA2611E06000010C61 /* TestingUITests.swift in Sources */ = {isa = PBXBuildFile; fileRef = 64A340D92611E06000010C61 /* TestingUITests.swift */; };
/* End PBXBuildFile section */

/* Begin PBXContainerItemProxy section */
		64A340CB2611E06000010C61 /* PBXContainerItemProxy */ = {
			isa = PBXContainerItemProxy;
			containerPortal = 64A340A92611E05B00010C61 /* Project object */;
			proxyType = 1;
			remoteGlobalIDString = 64A340B02611E05B00010C61;
			remoteInfo = Testing;
		};
		64A340D62611E06000010C61 /* PBXContainerItemProxy */ = {
			isa = PBXContainerItemProxy;
			containerPortal = 64A340A92611E05B00010C61 /* Project object */;
			proxyType = 1;
			remoteGlobalIDString = 64A340B02611E05B00010C61;
			remoteInfo = Testing;
		};
/* End PBXContainerItemProxy section */

/* Begin PBXFileReference section */
		64A340B12611E05B00010C61 /* Testing.app */ = {isa = PBXFileReference; explicitFileType = wrapper.application; includeInIndex = 0; path = Testing.app; sourceTree = BUILT_PRODUCTS_DIR; };
		64A340B42611E05B00010C61 /* AppDelegate.swift */ = {isa = PBXFileReference; lastKnownFileType = sourcecode.swift; path = AppDelegate.swift; sourceTree = "<group>"; };
		64A340B62611E05B00010C61 /* SceneDelegate.swift */ = {isa = PBXFileReference; lastKnownFileType = sourcecode.swift; path = SceneDelegate.swift; sourceTree = "<group>"; };
		64A340B82611E05B00010C61 /* ViewController.swift */ = {isa = PBXFileReference; lastKnownFileType = sourcecode.swift; path = ViewController.swift; sourceTree = "<group>"; };
		64A340BB2611E05B00010C61 /* Base */ = {isa = PBXFileReference; lastKnownFileType = file.storyboard; name = Base; path = Base.lproj/Main.storyboard; sourceTree = "<group>"; };
		64A340BE2611E05B00010C61 /* Testing.xcdatamodel */ = {isa = PBXFileReference; lastKnownFileType = wrapper.xcdatamodel; path = Testing.xcdatamodel; sourceTree = "<group>"; };
		64A340C02611E06000010C61 /* Assets.xcassets */ = {isa = PBXFileReference; lastKnownFileType = folder.assetcatalog; path = Assets.xcassets; sourceTree = "<group>"; };
		64A340C32611E06000010C61 /* Base */ = {isa = PBXFileReference; lastKnownFileType = file.storyboard; name = Base; path = Base.lproj/LaunchScreen.storyboard; sourceTree = "<group>"; };
		64A340C52611E06000010C61 /* Info.plist */ = {isa = PBXFileReference; lastKnownFileType = text.plist.xml; path = Info.plist; sourceTree = "<group>"; };
		64A340CA2611E06000010C61 /* TestingTests.xctest */ = {isa = PBXFileReference; explicitFileType = wrapper.cfbundle; includeInIndex = 0; path = TestingTests.xctest; sourceTree = BUILT_PRODUCTS_DIR; };
		64A340CE2611E06000010C61 /* TestingTests.swift */ = {isa = PBXFileReference; lastKnownFileType = sourcecode.swift; path = TestingTests.swift; sourceTree = "<group>"; };
		64A340D02611E06000010C61 /* Info.plist */ = {isa = PBXFileReference; lastKnownFileType = text.plist.xml; path = Info.plist; sourceTree = "<group>"; };
		64A340D52611E06000010C61 /* TestingUITests.xctest */ = {isa = PBXFileReference; explicitFileType = wrapper.cfbundle; includeInIndex = 0; path = TestingUITests.xctest; sourceTree = BUILT_PRODUCTS_DIR; };
		64A340D92611E06000010C61 /* TestingUITests.swift */ = {isa = PBXFileReference; lastKnownFileType = sourcecode.swift; path = TestingUITests.swift; sourceTree = "<group>"; };
		64A340DB2611E06000010C61 /* Info.plist */ = {isa = PBXFileReference; lastKnownFileType = text.plist.xml; path = Info.plist; sourceTree = "<group>"; };
/* End PBXFileReference section */

/* Begin PBXFrameworksBuildPhase section */
		64A340AE2611E05B00010C61 /* Frameworks */ = {
			isa = PBXFrameworksBuildPhase;
			buildActionMask = 2147483647;
			files = (
			);
			runOnlyForDeploymentPostprocessing = 0;
		};
		64A340C72611E06000010C61 /* Frameworks */ = {
			isa = PBXFrameworksBuildPhase;
			buildActionMask = 2147483647;
			files = (
			);
			runOnlyForDeploymentPostprocessing = 0;
		};
		64A340D22611E06000010C61 /* Frameworks */ = {
			isa = PBXFrameworksBuildPhase;
			buildActionMask = 2147483647;
			files = (
			);
			runOnlyForDeploymentPostprocessing = 0;
		};
/* End PBXFrameworksBuildPhase section */

/* Begin PBXGroup section */
		64A340A82611E05B00010C61 = {
			isa = PBXGroup;
			children = (
				64A340B32611E05B00010C61 /* Testing */,
				64A340CD2611E06000010C61 /* TestingTests */,
				64A340D82611E06000010C61 /* TestingUITests */,
				64A340B22611E05B00010C61 /* Products */,
			);
			sourceTree = "<group>";
		};
		64A340B22611E05B00010C61 /* Products */ = {
			isa = PBXGroup;
			children = (
				64A340B12611E05B00010C61 /* Testing.app */,
				64A340CA2611E06000010C61 /* TestingTests.xctest */,
				64A340D52611E06000010C61 /* TestingUITests.xctest */,
			);
			name = Products;
			sourceTree = "<group>";
		};
		64A340B32611E05B00010C61 /* Testing */ = {
			isa = PBXGroup;
			children = (
				64A340B42611E05B00010C61 /* AppDelegate.swift */,
				64A340B62611E05B00010C61 /* SceneDelegate.swift */,
				64A340B82611E05B00010C61 /* ViewController.swift */,
				64A340BA2611E05B00010C61 /* Main.storyboard */,
				64A340C02611E06000010C61 /* Assets.xcassets */,
				64A340C22611E06000010C61 /* LaunchScreen.storyboard */,
				64A340C52611E06000010C61 /* Info.plist */,
				64A340BD2611E05B00010C61 /* Testing.xcdatamodeld */,
			);
			path = Testing;
			sourceTree = "<group>";
		};
		64A340CD2611E06000010C61 /* TestingTests */ = {
			isa = PBXGroup;
			children = (
				64A340CE2611E06000010C61 /* TestingTests.swift */,
				64A340D02611E06000010C61 /* Info.plist */,
			);
			path = TestingTests;
			sourceTree = "<group>";
		};
		64A340D82611E06000010C61 /* TestingUITests */ = {
			isa = PBXGroup;
			children = (
				64A340D92611E06000010C61 /* TestingUITests.swift */,
				64A340DB2611E06000010C61 /* Info.plist */,
			);
			path = TestingUITests;
			sourceTree = "<group>";
		};
/* End PBXGroup section */

/* Begin PBXNativeTarget section */
		64A340B02611E05B00010C61 /* Testing */ = {
			isa = PBXNativeTarget;
			buildConfigurationList = 64A340DE2611E06000010C61 /* Build configuration list for PBXNativeTarget "Testing" */;
			buildPhases = (
				64A340AD2611E05B00010C61 /* Sources */,
				64A340AE2611E05B00010C61 /* Frameworks */,
				64A340AF2611E05B00010C61 /* Resources */,
			);
			buildRules = (
			);
			dependencies = (
			);
			name = Testing;
			productName = Testing;
			productReference = 64A340B12611E05B00010C61 /* Testing.app */;
			productType = "com.apple.product-type.application";
		};
		64A340C92611E06000010C61 /* TestingTests */ = {
			isa = PBXNativeTarget;
			buildConfigurationList = 64A340E12611E06000010C61 /* Build configuration list for PBXNativeTarget "TestingTests" */;
			buildPhases = (
				64A340C62611E06000010C61 /* Sources */,
				64A340C72611E06000010C61 /* Frameworks */,
				64A340C82611E06000010C61 /* Resources */,
			);
			buildRules = (
			);
			dependencies = (
				64A340CC2611E06000010C61 /* PBXTargetDependency */,
			);
			name = TestingTests;
			productName = TestingTests;
			productReference = 64A340CA2611E06000010C61 /* TestingTests.xctest */;
			productType = "com.apple.product-type.bundle.unit-test";
		};
		64A340D42611E06000010C61 /* TestingUITests */ = {
			isa = PBXNativeTarget;
			buildConfigurationList = 64A340E42611E06000010C61 /* Build configuration list for PBXNativeTarget "TestingUITests" */;
			buildPhases = (
				64A340D12611E06000010C61 /* Sources */,
				64A340D22611E06000010C61 /* Frameworks */,
				64A340D32611E06000010C61 /* Resources */,
			);
			buildRules = (
			);
			dependencies = (
				64A340D72611E06000010C61 /* PBXTargetDependency */,
			);
			name = TestingUITests;
			productName = TestingUITests;
			productReference = 64A340D52611E06000010C61 /* TestingUITests.xctest */;
			productType = "com.apple.product-type.bundle.ui-testing";
		};
/* End PBXNativeTarget section */

/* Begin PBXProject section */
		64A340A92611E05B00010C61 /* Project object */ = {
			isa = PBXProject;
			attributes = {
				LastSwiftUpdateCheck = 1210;
				LastUpgradeCheck = 1210;
				TargetAttributes = {
					64A340B02611E05B00010C61 = {
						CreatedOnToolsVersion = 12.1;
					};
					64A340C92611E06000010C61 = {
						CreatedOnToolsVersion = 12.1;
						TestTargetID = 64A340B02611E05B00010C61;
					};
					64A340D42611E06000010C61 = {
						CreatedOnToolsVersion = 12.1;
						TestTargetID = 64A340B02611E05B00010C61;
					};
				};
			};
			buildConfigurationList = 64A340AC2611E05B00010C61 /* Build configuration list for PBXProject "Testing" */;
			compatibilityVersion = "Xcode 9.3";
			developmentRegion = en;
			hasScannedForEncodings = 0;
			knownRegions = (
				en,
				Base,
			);
			mainGroup = 64A340A82611E05B00010C61;
			productRefGroup = 64A340B22611E05B00010C61 /* Products */;
			projectDirPath = "";
			projectRoot = "";
			targets = (
				64A340B02611E05B00010C61 /* Testing */,
				64A340C92611E06000010C61 /* TestingTests */,
				64A340D42611E06000010C61 /* TestingUITests */,
			);
		};
/* End PBXProject section */

/* Begin PBXResourcesBuildPhase section */
		64A340AF2611E05B00010C61 /* Resources */ = {
			isa = PBXResourcesBuildPhase;
			buildActionMask = 2147483647;
			files = (
				64A340C42611E06000010C61 /* LaunchScreen.storyboard in Resources */,
				64A340C12611E06000010C61 /* Assets.xcassets in Resources */,
				64A340BC2611E05B00010C61 /* Main.storyboard in Resources */,
			);
			runOnlyForDeploymentPostprocessing = 0;
		};
		64A340C82611E06000010C61 /* Resources */ = {
			isa = PBXResourcesBuildPhase;
			buildActionMask = 2147483647;
			files = (
			);
			runOnlyForDeploymentPostprocessing = 0;
		};
		64A340D32611E06000010C61 /* Resources */ = {
			isa = PBXResourcesBuildPhase;
			buildActionMask = 2147483647;
			files = (
			);
			runOnlyForDeploymentPostprocessing = 0;
		};
/* End PBXResourcesBuildPhase section */

/* Begin PBXSourcesBuildPhase section */
		64A340AD2611E05B00010C61 /* Sources */ = {
			isa = PBXSourcesBuildPhase;
			buildActionMask = 2147483647;
			files = (
				64A340B92611E05B00010C61 /* ViewController.swift in Sources */,
				64A340B52611E05B00010C61 /* AppDelegate.swift in Sources */,
				64A340BF2611E05B00010C61 /* Testing.xcdatamodeld in Sources */,
				64A340B72611E05B00010C61 /* SceneDelegate.swift in Sources */,
			);
			runOnlyForDeploymentPostprocessing = 0;
		};
		64A340C62611E06000010C61 /* Sources */ = {
			isa = PBXSourcesBuildPhase;
			buildActionMask = 2147483647;
			files = (
				64A340CF2611E06000010C61 /* TestingTests.swift in Sources */,
			);
			runOnlyForDeploymentPostprocessing = 0;
		};
		64A340D12611E06000010C61 /* Sources */ = {
			isa = PBXSourcesBuildPhase;
			buildActionMask = 2147483647;
			files = (
				64A340DA2611E06000010C61 /* TestingUITests.swift in Sources */,
			);
			runOnlyForDeploymentPostprocessing = 0;
		};
/* End PBXSourcesBuildPhase section */

/* Begin PBXTargetDependency section */
		64A340CC2611E06000010C61 /* PBXTargetDependency */ = {
			isa = PBXTargetDependency;
			target = 64A340B02611E05B00010C61 /* Testing */;
			targetProxy = 64A340CB2611E06000010C61 /* PBXContainerItemProxy */;
		};
		64A340D72611E06000010C61 /* PBXTargetDependency */ = {
			isa = PBXTargetDependency;
			target = 64A340B02611E05B00010C61 /* Testing */;
			targetProxy = 64A340D62611E06000010C61 /* PBXContainerItemProxy */;
		};
/* End PBXTargetDependency section */

/* Begin PBXVariantGroup section */
		64A340BA2611E05B00010C61 /* Main.storyboard */ = {
			isa = PBXVariantGroup;
			children = (
				64A340BB2611E05B00010C61 /* Base */,
			);
			name = Main.storyboard;
			sourceTree = "<group>";
		};
		64A340C22611E06000010C61 /* LaunchScreen.storyboard */ = {
			isa = PBXVariantGroup;
			children = (
				64A340C32611E06000010C61 /* Base */,
			);
			name = LaunchScreen.storyboard;
			sourceTree = "<group>";
		};
/* End PBXVariantGroup section */

/* Begin XCBuildConfiguration section */
		64A340DC2611E06000010C61 /* Debug */ = {
			isa = XCBuildConfiguration;
			buildSettings = {
				ALWAYS_SEARCH_USER_PATHS = NO;
				CLANG_ANALYZER_NONNULL = YES;
				CLANG_ANALYZER_NUMBER_OBJECT_CONVERSION = YES_AGGRESSIVE;
				CLANG_CXX_LANGUAGE_STANDARD = "gnu++14";
				CLANG_CXX_LIBRARY = "libc++";
				CLANG_ENABLE_MODULES = YES;
				CLANG_ENABLE_OBJC_ARC = YES;
				CLANG_ENABLE_OBJC_WEAK = YES;
				CLANG_WARN_BLOCK_CAPTURE_AUTORELEASING = YES;
				CLANG_WARN_BOOL_CONVERSION = YES;
				CLANG_WARN_COMMA = YES;
				CLANG_WARN_CONSTANT_CONVERSION = YES;
				CLANG_WARN_DEPRECATED_OBJC_IMPLEMENTATIONS = YES;
				CLANG_WARN_DIRECT_OBJC_ISA_USAGE = YES_ERROR;
				CLANG_WARN_DOCUMENTATION_COMMENTS = YES;
				CLANG_WARN_EMPTY_BODY = YES;
				CLANG_WARN_ENUM_CONVERSION = YES;
				CLANG_WARN_INFINITE_RECURSION = YES;
				CLANG_WARN_INT_CONVERSION = YES;
				CLANG_WARN_NON_LITERAL_NULL_CONVERSION = YES;
				CLANG_WARN_OBJC_IMPLICIT_RETAIN_SELF = YES;
				CLANG_WARN_OBJC_LITERAL_CONVERSION = YES;
				CLANG_WARN_OBJC_ROOT_CLASS = YES_ERROR;
				CLANG_WARN_QUOTED_INCLUDE_IN_FRAMEWORK_HEADER = YES;
				CLANG_WARN_RANGE_LOOP_ANALYSIS = YES;
				CLANG_WARN_STRICT_PROTOTYPES = YES;
				CLANG_WARN_SUSPICIOUS_MOVE = YES;
				CLANG_WARN_UNGUARDED_AVAILABILITY = YES_AGGRESSIVE;
				CLANG_WARN_UNREACHABLE_CODE = YES;
				CLANG_WARN__DUPLICATE_METHOD_MATCH = YES;
				COPY_PHASE_STRIP = NO;
				DEBUG_INFORMATION_FORMAT = dwarf;
				ENABLE_STRICT_OBJC_MSGSEND = YES;
				ENABLE_TESTABILITY = YES;
				GCC_C_LANGUAGE_STANDARD = gnu11;
				GCC_DYNAMIC_NO_PIC = NO;
				GCC_NO_COMMON_BLOCKS = YES;
				GCC_OPTIMIZATION_LEVEL = 0;
				GCC_PREPROCESSOR_DEFINITIONS = (
					"DEBUG=1",
					"$(inherited)",
				);
				GCC_WARN_64_TO_32_BIT_CONVERSION = YES;
				GCC_WARN_ABOUT_RETURN_TYPE = YES_ERROR;
				GCC_WARN_UNDECLARED_SELECTOR = YES;
				GCC_WARN_UNINITIALIZED_AUTOS = YES_AGGRESSIVE;
				GCC_WARN_UNUSED_FUNCTION = YES;
				GCC_WARN_UNUSED_VARIABLE = YES;
				IPHONEOS_DEPLOYMENT_TARGET = 14.1;
				MTL_ENABLE_DEBUG_INFO = INCLUDE_SOURCE;
				MTL_FAST_MATH = YES;
				ONLY_ACTIVE_ARCH = YES;
				SDKROOT = iphoneos;
				SWIFT_ACTIVE_COMPILATION_CONDITIONS = DEBUG;
				SWIFT_OPTIMIZATION_LEVEL = "-Onone";
			};
			name = Debug;
		};
		64A340DD2611E06000010C61 /* Release */ = {
			isa = XCBuildConfiguration;
			buildSettings = {
				ALWAYS_SEARCH_USER_PATHS = NO;
				CLANG_ANALYZER_NONNULL = YES;
				CLANG_ANALYZER_NUMBER_OBJECT_CONVERSION = YES_AGGRESSIVE;
				CLANG_CXX_LANGUAGE_STANDARD = "gnu++14";
				CLANG_CXX_LIBRARY = "libc++";
				CLANG_ENABLE_MODULES = YES;
				CLANG_ENABLE_OBJC_ARC = YES;
				CLANG_ENABLE_OBJC_WEAK = YES;
				CLANG_WARN_BLOCK_CAPTURE_AUTORELEASING = YES;
				CLANG_WARN_BOOL_CONVERSION = YES;
				CLANG_WARN_COMMA = YES;
				CLANG_WARN_CONSTANT_CONVERSION = YES;
				CLANG_WARN_DEPRECATED_OBJC_IMPLEMENTATIONS = YES;
				CLANG_WARN_DIRECT_OBJC_ISA_USAGE = YES_ERROR;
				CLANG_WARN_DOCUMENTATION_COMMENTS = YES;
				CLANG_WARN_EMPTY_BODY = YES;
				CLANG_WARN_ENUM_CONVERSION = YES;
				CLANG_WARN_INFINITE_RECURSION = YES;
				CLANG_WARN_INT_CONVERSION = YES;
				CLANG_WARN_NON_LITERAL_NULL_CONVERSION = YES;
				CLANG_WARN_OBJC_IMPLICIT_RETAIN_SELF = YES;
				CLANG_WARN_OBJC_LITERAL_CONVERSION = YES;
				CLANG_WARN_OBJC_ROOT_CLASS = YES_ERROR;
				CLANG_WARN_QUOTED_INCLUDE_IN_FRAMEWORK_HEADER = YES;
				CLANG_WARN_RANGE_LOOP_ANALYSIS = YES;
				CLANG_WARN_STRICT_PROTOTYPES = YES;
				CLANG_WARN_SUSPICIOUS_MOVE = YES;
				CLANG_WARN_UNGUARDED_AVAILABILITY = YES_AGGRESSIVE;
				CLANG_WARN_UNREACHABLE_CODE = YES;
				CLANG_WARN__DUPLICATE_METHOD_MATCH = YES;
				COPY_PHASE_STRIP = NO;
				DEBUG_INFORMATION_FORMAT = "dwarf-with-dsym";
				ENABLE_NS_ASSERTIONS = NO;
				ENABLE_STRICT_OBJC_MSGSEND = YES;
				GCC_C_LANGUAGE_STANDARD = gnu11;
				GCC_NO_COMMON_BLOCKS = YES;
				GCC_WARN_64_TO_32_BIT_CONVERSION = YES;
				GCC_WARN_ABOUT_RETURN_TYPE = YES_ERROR;
				GCC_WARN_UNDECLARED_SELECTOR = YES;
				GCC_WARN_UNINITIALIZED_AUTOS = YES_AGGRESSIVE;
				GCC_WARN_UNUSED_FUNCTION = YES;
				GCC_WARN_UNUSED_VARIABLE = YES;
				IPHONEOS_DEPLOYMENT_TARGET = 14.1;
				MTL_ENABLE_DEBUG_INFO = NO;
				MTL_FAST_MATH = YES;
				SDKROOT = iphoneos;
				SWIFT_COMPILATION_MODE = wholemodule;
				SWIFT_OPTIMIZATION_LEVEL = "-O";
				VALIDATE_PRODUCT = YES;
			};
			name = Release;
		};
		64A340DF2611E06000010C61 /* Debug */ = {
			isa = XCBuildConfiguration;
			buildSettings = {
				ASSETCATALOG_COMPILER_APPICON_NAME = AppIcon;
				ASSETCATALOG_COMPILER_GLOBAL_ACCENT_COLOR_NAME = AccentColor;
				CODE_SIGN_STYLE = Automatic;
				DEVELOPMENT_TEAM = 94X36TY53Z;
				INFOPLIST_FILE = Testing/Info.plist;
				LD_RUNPATH_SEARCH_PATHS = (
					"$(inherited)",
					"@executable_path/Frameworks",
				);
				PRODUCT_BUNDLE_IDENTIFIER = com.Testing;
				PRODUCT_NAME = "$(TARGET_NAME)";
				SWIFT_VERSION = 5.0;
				TARGETED_DEVICE_FAMILY = "1,2";
			};
			name = Debug;
		};
		64A340E02611E06000010C61 /* Release */ = {
			isa = XCBuildConfiguration;
			buildSettings = {
				ASSETCATALOG_COMPILER_APPICON_NAME = AppIcon;
				ASSETCATALOG_COMPILER_GLOBAL_ACCENT_COLOR_NAME = AccentColor;
				CODE_SIGN_STYLE = Automatic;
				DEVELOPMENT_TEAM = 94X36TY53Z;
				INFOPLIST_FILE = Testing/Info.plist;
				LD_RUNPATH_SEARCH_PATHS = (
					"$(inherited)",
					"@executable_path/Frameworks",
				);
				PRODUCT_BUNDLE_IDENTIFIER = com.Testing;
				PRODUCT_NAME = "$(TARGET_NAME)";
				SWIFT_VERSION = 5.0;
				TARGETED_DEVICE_FAMILY = "1,2";
			};
			name = Release;
		};
		64A340E22611E06000010C61 /* Debug */ = {
			isa = XCBuildConfiguration;
			buildSettings = {
				ALWAYS_EMBED_SWIFT_STANDARD_LIBRARIES = YES;
				BUNDLE_LOADER = "$(TEST_HOST)";
				CODE_SIGN_STYLE = Automatic;
				DEVELOPMENT_TEAM = 94X36TY53Z;
				INFOPLIST_FILE = TestingTests/Info.plist;
				IPHONEOS_DEPLOYMENT_TARGET = 14.1;
				LD_RUNPATH_SEARCH_PATHS = (
					"$(inherited)",
					"@executable_path/Frameworks",
					"@loader_path/Frameworks",
				);
				PRODUCT_BUNDLE_IDENTIFIER = com.TestingTests;
				PRODUCT_NAME = "$(TARGET_NAME)";
				SWIFT_VERSION = 5.0;
				TARGETED_DEVICE_FAMILY = "1,2";
				TEST_HOST = "$(BUILT_PRODUCTS_DIR)/Testing.app/Testing";
			};
			name = Debug;
		};
		64A340E32611E06000010C61 /* Release */ = {
			isa = XCBuildConfiguration;
			buildSettings = {
				ALWAYS_EMBED_SWIFT_STANDARD_LIBRARIES = YES;
				BUNDLE_LOADER = "$(TEST_HOST)";
				CODE_SIGN_STYLE = Automatic;
				DEVELOPMENT_TEAM = 94X36TY53Z;
				INFOPLIST_FILE = TestingTests/Info.plist;
				IPHONEOS_DEPLOYMENT_TARGET = 14.1;
				LD_RUNPATH_SEARCH_PATHS = (
					"$(inherited)",
					"@executable_path/Frameworks",
					"@loader_path/Frameworks",
				);
				PRODUCT_BUNDLE_IDENTIFIER = com.TestingTests;
				PRODUCT_NAME = "$(TARGET_NAME)";
				SWIFT_VERSION = 5.0;
				TARGETED_DEVICE_FAMILY = "1,2";
				TEST_HOST = "$(BUILT_PRODUCTS_DIR)/Testing.app/Testing";
			};
			name = Release;
		};
		64A340E52611E06000010C61 /* Debug */ = {
			isa = XCBuildConfiguration;
			buildSettings = {
				ALWAYS_EMBED_SWIFT_STANDARD_LIBRARIES = YES;
				CODE_SIGN_STYLE = Automatic;
				DEVELOPMENT_TEAM = 94X36TY53Z;
				INFOPLIST_FILE = TestingUITests/Info.plist;
				LD_RUNPATH_SEARCH_PATHS = (
					"$(inherited)",
					"@executable_path/Frameworks",
					"@loader_path/Frameworks",
				);
				PRODUCT_BUNDLE_IDENTIFIER = com.TestingUITests;
				PRODUCT_NAME = "$(TARGET_NAME)";
				SWIFT_VERSION = 5.0;
				TARGETED_DEVICE_FAMILY = "1,2";
				TEST_TARGET_NAME = Testing;
			};
			name = Debug;
		};
		64A340E62611E06000010C61 /* Release */ = {
			isa = XCBuildConfiguration;
			buildSettings = {
				ALWAYS_EMBED_SWIFT_STANDARD_LIBRARIES = YES;
				CODE_SIGN_STYLE = Automatic;
				DEVELOPMENT_TEAM = 94X36TY53Z;
				INFOPLIST_FILE = TestingUITests/Info.plist;
				LD_RUNPATH_SEARCH_PATHS = (
					"$(inherited)",
					"@executable_path/Frameworks",
					"@loader_path/Frameworks",
				);
				PRODUCT_BUNDLE_IDENTIFIER = com.TestingUITests;
				PRODUCT_NAME = "$(TARGET_NAME)";
				SWIFT_VERSION = 5.0;
				TARGETED_DEVICE_FAMILY = "1,2";
				TEST_TARGET_NAME = Testing;
			};
			name = Release;
		};
/* End XCBuildConfiguration section */

/* Begin XCConfigurationList section */
		64A340AC2611E05B00010C61 /* Build configuration list for PBXProject "Testing" */ = {
			isa = XCConfigurationList;
			buildConfigurations = (
				64A340DC2611E06000010C61 /* Debug */,
				64A340DD2611E06000010C61 /* Release */,
			);
			defaultConfigurationIsVisible = 0;
			defaultConfigurationName = Release;
		};
		64A340DE2611E06000010C61 /* Build configuration list for PBXNativeTarget "Testing" */ = {
			isa = XCConfigurationList;
			buildConfigurations = (
				64A340DF2611E06000010C61 /* Debug */,
				64A340E02611E06000010C61 /* Release */,
			);
			defaultConfigurationIsVisible = 0;
			defaultConfigurationName = Release;
		};
		64A340E12611E06000010C61 /* Build configuration list for PBXNativeTarget "TestingTests" */ = {
			isa = XCConfigurationList;
			buildConfigurations = (
				64A340E22611E06000010C61 /* Debug */,
				64A340E32611E06000010C61 /* Release */,
			);
			defaultConfigurationIsVisible = 0;
			defaultConfigurationName = Release;
		};
		64A340E42611E06000010C61 /* Build configuration list for PBXNativeTarget "TestingUITests" */ = {
			isa = XCConfigurationList;
			buildConfigurations = (
				64A340E52611E06000010C61 /* Debug */,
				64A340E62611E06000010C61 /* Release */,
			);
			defaultConfigurationIsVisible = 0;
			defaultConfigurationName = Release;
		};
/* End XCConfigurationList section */

/* Begin XCVersionGroup section */
		64A340BD2611E05B00010C61 /* Testing.xcdatamodeld */ = {
			isa = XCVersionGroup;
			children = (
				64A340BE2611E05B00010C61 /* Testing.xcdatamodel */,
			);
			currentVersion = 64A340BE2611E05B00010C61 /* Testing.xcdatamodel */;
			path = Testing.xcdatamodeld;
			sourceTree = "<group>";
			versionGroupType = wrapper.xcdatamodel;
		};
/* End XCVersionGroup section */
	};
	rootObject = 64A340A92611E05B00010C61 /* Project object */;
}
